<?xml version="1.0" encoding="utf-8"?>
<Project ToolsVersion="4.0" xmlns="http://schemas.microsoft.com/developer/msbuild/2003">
  <ItemGroup>
    <Filter Include="src">
      <UniqueIdentifier>{e8c2d94f-1735-470f-bff0-a4b671110b94}</UniqueIdentifier>
    </Filter>
    <Filter Include="src\networking">
      <UniqueIdentifier>{282de7fc-d2b0-4f37-a42c-659978baad49}</UniqueIdentifier>
    </Filter>
    <Filter Include="src\payload">
      <UniqueIdentifier>{1ee1bbb6-f56c-4d69-9571-c41ac9a2ca25}</UniqueIdentifier>
    </Filter>
    <Filter Include="src\util">
      <UniqueIdentifier>{8854c378-5a97-45a4-bbdd-ade3009cb1af}</UniqueIdentifier>
    </Filter>
  </ItemGroup>
  <ItemGroup>
    <ClInclude Include="src\networking\client_payload_type.h">
      <Filter>src\networking</Filter>
    </ClInclude>
    <ClInclude Include="src\networking\networking.h">
      <Filter>src\networking</Filter>
    </ClInclude>
    <ClInclude Include="src\util\parson.h">
      <Filter>src\util</Filter>
    </ClInclude>
    <ClInclude Include="src\util\util.h">
      <Filter>src\util</Filter>
    </ClInclude>
    <ClInclude Include="src\payload\payload.h">
      <Filter>src\payload</Filter>
    </ClInclude>
    <ClInclude Include="src\payload\system.h">
      <Filter>src\payload</Filter>
    </ClInclude>
    <ClInclude Include="src\constants.h">
      <Filter>src</Filter>
    </ClInclude>
  </ItemGroup>
  <ItemGroup>
    <ClCompile Include="src\networking\networking.c">
      <Filter>src\networking</Filter>
    </ClCompile>
    <ClCompile Include="src\util\parson.c">
      <Filter>src\util</Filter>
    </ClCompile>
    <ClCompile Include="src\util\util.c">
      <Filter>src\util</Filter>
    </ClCompile>
    <ClCompile Include="src\payload\payload.c">
      <Filter>src\payload</Filter>
    </ClCompile>
    <ClCompile Include="src\payload\system.c">
      <Filter>src\payload</Filter>
    </ClCompile>
    <ClCompile Include="src\main.c">
      <Filter>src</Filter>
    </ClCompile>
  </ItemGroup>
</Project>