
Microsoft Visual Studio Solution File, Format Version 12.00
# Visual Studio 15
VisualStudioVersion = 15.0.27004.2006
MinimumVisualStudioVersion = 10.0.40219.1
Project("{8BC9CEB8-8B4A-11D0-8D11-00A0C91BC942}") = "client", "client.vcxproj", "{D713EBE5-5FB7-485D-AFD3-9887F34A3A9B}"
EndProject
Global
	GlobalSection(SolutionConfigurationPlatforms) = preSolution
		Debug|x64 = Debug|x64
		Debug|x86 = Debug|x86
		Release|x64 = Release|x64
		Release|x86 = Release|x86
	EndGlobalSection
	GlobalSection(ProjectConfigurationPlatforms) = postSolution
		{D713EBE5-5FB7-485D-AFD3-9887F34A3A9B}.Debug|x64.ActiveCfg = Debug|x64
		{D713EBE5-5FB7-485D-AFD3-9887F34A3A9B}.Debug|x64.Build.0 = Debug|x64
		{D713EBE5-5FB7-485D-AFD3-9887F34A3A9B}.Debug|x86.ActiveCfg = Debug|Win32
		{D713EBE5-5FB7-485D-AFD3-9887F34A3A9B}.Debug|x86.Build.0 = Debug|Win32
		{D713EBE5-5FB7-485D-AFD3-9887F34A3A9B}.Release|x64.ActiveCfg = Release|x64
		{D713EBE5-5FB7-485D-AFD3-9887F34A3A9B}.Release|x64.Build.0 = Release|x64
		{D713EBE5-5FB7-485D-AFD3-9887F34A3A9B}.Release|x86.ActiveCfg = Release|Win32
		{D713EBE5-5FB7-485D-AFD3-9887F34A3A9B}.Release|x86.Build.0 = Release|Win32
	EndGlobalSection
	GlobalSection(SolutionProperties) = preSolution
		HideSolutionNode = FALSE
	EndGlobalSection
	GlobalSection(ExtensibilityGlobals) = postSolution
		SolutionGuid = {5F15AD1B-8987-42A9-8BDE-8EAD4CFC7FCF}
	EndGlobalSection
EndGlobal
